{
  "requires": true,
  "lockfileVersion": 1,
  "dependencies": {
    "@babel/runtime": {
      "version": "7.16.5",
      "resolved": "https://registry.npmjs.org/@babel/runtime/-/runtime-7.16.5.tgz",
      "integrity": "sha512-TXWihFIS3Pyv5hzR7j6ihmeLkZfrXGxAr5UfSl8CHf+6q/wpiYDkUau0czckpYG8QmnCIuPpdLtuA9VmuGGyMA==",
      "requires": {
        "regenerator-runtime": "^0.13.4"
      }
    },
    "@tonejs/midi": {
      "version": "2.0.27",
      "resolved": "https://registry.npmjs.org/@tonejs/midi/-/midi-2.0.27.tgz",
      "integrity": "sha512-JYiGA8k37rTWKPoiPhbJfWLotnZFCKw0G0rqijHD+u+LdjewTgt/Ubhn2JnD2yR+6+eLXTqHLJRS2a+tNLla3w==",
      "requires": {
        "array-flatten": "^2.1.2",
        "midi-file": "^1.1.2"
      }
    },
    "array-flatten": {
      "version": "2.1.2",
      "resolved": "https://registry.npmjs.org/array-flatten/-/array-flatten-2.1.2.tgz",
      "integrity": "sha512-hNfzcOV8W4NdualtqBFPyVO+54DSJuZGY9qT4pRroB6S9e3iiido2ISIC5h9R2sPJ8H3FHCIiEnsv1lPXO3KtQ=="
    },
    "automation-events": {
      "version": "4.0.10",
      "resolved": "https://registry.npmjs.org/automation-events/-/automation-events-4.0.10.tgz",
      "integrity": "sha512-4K95JFAhehVkAVxY9EcOw0Gr3dkJsHC+/FzXefoLT4FgrFcI4ltnJEtHLQMZP4zCh6kcpPwD8ZUjVhIAEUjCug==",
      "requires": {
        "@babel/runtime": "^7.16.3",
        "tslib": "^2.3.1"
      }
    },
    "broker-factory": {
      "version": "3.0.55",
      "resolved": "https://registry.npmjs.org/broker-factory/-/broker-factory-3.0.55.tgz",
      "integrity": "sha512-myAsObL9uInVccN/teO9BCkPgAXefT2/l6u5XgUCuAiYz/mMJuAhGZOC56NkdNmHIixuiKdN7thig6T34uZhwQ==",
      "requires": {
        "@babel/runtime": "^7.16.3",
        "fast-unique-numbers": "^6.0.9",
        "tslib": "^2.3.1",
        "worker-factory": "^6.0.55"
      }
    },
    "compilerr": {
      "version": "9.0.9",
      "resolved": "https://registry.npmjs.org/compilerr/-/compilerr-9.0.9.tgz",
      "integrity": "sha512-XVMxr/5bTJZdF+OtLAmVGzcPTnOoZ4oEn95Ofshjl3HFel/AUBStE5VbF4vkBZchGVv292PlU2yktwuutjYStA==",
      "requires": {
        "@babel/runtime": "^7.16.3",
        "dashify": "^2.0.0",
        "indefinite-article": "0.0.2",
        "tslib": "^2.3.1"
      }
    },
    "dashify": {
      "version": "2.0.0",
      "resolved": "https://registry.npmjs.org/dashify/-/dashify-2.0.0.tgz",
      "integrity": "sha512-hpA5C/YrPjucXypHPPc0oJ1l9Hf6wWbiOL7Ik42cxnsUOhWiCB/fylKbKqqJalW9FgkNQCw16YO8uW9Hs0Iy1A=="
    },
    "fast-unique-numbers": {
      "version": "6.0.9",
      "resolved": "https://registry.npmjs.org/fast-unique-numbers/-/fast-unique-numbers-6.0.9.tgz",
      "integrity": "sha512-AsAHIl9JebIZoEjlu53gFAP1nPTkjHp8cbBVFDfYkYxTWF93Edxi/Q/ybHjj264XRO2wMPIuP6vkjdABtEsWlw==",
      "requires": {
        "@babel/runtime": "^7.16.3",
        "tslib": "^2.3.1"
      }
    },
    "indefinite-article": {
      "version": "0.0.2",
      "resolved": "https://registry.npmjs.org/indefinite-article/-/indefinite-article-0.0.2.tgz",
      "integrity": "sha1-S8hVJXBmz6th6mi+unXRANbiUGs="
    },
    "midi-file": {
      "version": "1.2.2",
      "resolved": "https://registry.npmjs.org/midi-file/-/midi-file-1.2.2.tgz",
      "integrity": "sha512-y737hkfHxMikRGzBM22wtyFCo8Pt0jFFiNv7blxY6XF0Rugt8DDE97QzQ0DbJpDd8MyuT6m0ziW1rTStFNrLHw=="
    },
    "midi-json-parser": {
      "version": "8.0.51",
      "resolved": "https://registry.npmjs.org/midi-json-parser/-/midi-json-parser-8.0.51.tgz",
      "integrity": "sha512-/RJA8nggh3+jAVG0sZjd1tfxKH0dDvFQaZvGps1ktPrClYX+SqAM84J+wVQiG3BM5+fjPWCRJYexTrcV2v8sgQ==",
      "requires": {
        "@babel/runtime": "^7.16.3",
        "midi-json-parser-broker": "^4.0.60",
        "midi-json-parser-worker": "^8.0.45",
        "tslib": "^2.3.1"
      }
    },
    "midi-json-parser-broker": {
      "version": "4.0.60",
      "resolved": "https://registry.npmjs.org/midi-json-parser-broker/-/midi-json-parser-broker-4.0.60.tgz",
      "integrity": "sha512-kUiI6uEayOgPFK/tPoarmv9u4zS0YNBfB+mC+rCRW+hf7C/7C0BHPEvhbYdJNIzz3d14Wsi8jMSeontqpHm6Ag==",
      "requires": {
        "@babel/runtime": "^7.16.3",
        "broker-factory": "^3.0.55",
        "midi-json-parser-worker": "^8.0.45",
        "tslib": "^2.3.1"
      }
    },
    "midi-json-parser-worker": {
      "version": "8.0.45",
      "resolved": "https://registry.npmjs.org/midi-json-parser-worker/-/midi-json-parser-worker-8.0.45.tgz",
      "integrity": "sha512-WAPif2sFK3fOsxR4zDkKcgQSvXzlXoax4LpMtANcKX/7Nt39cxsqRxCraEvWaD2/N11pnC+UejwSd9yuYpwz9g==",
      "requires": {
        "@babel/runtime": "^7.16.3",
        "tslib": "^2.3.1",
        "worker-factory": "^6.0.55"
      }
    },
    "midi-parser-js": {
      "version": "4.0.4",
      "resolved": "https://registry.npmjs.org/midi-parser-js/-/midi-parser-js-4.0.4.tgz",
      "integrity": "sha512-yCCUNemjDET40SPslUbAyi7lClSS+ttcBAWNY337kJouRFsEtIql38Fp4p5xfODkltFvuqHJL9JytnZIrzpJbw=="
    },
    "regenerator-runtime": {
      "version": "0.13.9",
      "resolved": "https://registry.npmjs.org/regenerator-runtime/-/regenerator-runtime-0.13.9.tgz",
      "integrity": "sha512-p3VT+cOEgxFsRRA9X4lkI1E+k2/CtnKtU4gcxyaCUreilL/vqI6CdZ3wxVUx3UOUg+gnUOQQcRI7BmSI656MYA=="
    },
    "standardized-audio-context": {
      "version": "25.3.16",
      "resolved": "https://registry.npmjs.org/standardized-audio-context/-/standardized-audio-context-25.3.16.tgz",
      "integrity": "sha512-RlAi1+ezKnlAH7DIQd9aTthk0GQF/hVEbOY9HpuZhS0p+UQeeT0MmCcRGO6kvk4mWME83ICIRlvzSqHFvAfU/w==",
      "requires": {
        "@babel/runtime": "^7.16.3",
        "automation-events": "^4.0.10",
        "tslib": "^2.3.1"
      }
    },
    "tone": {
      "version": "14.7.77",
      "resolved": "https://registry.npmjs.org/tone/-/tone-14.7.77.tgz",
      "integrity": "sha512-tCfK73IkLHyzoKUvGq47gyDyxiKLFvKiVCOobynGgBB9Dl0NkxTM2p+eRJXyCYrjJwy9Y0XCMqD3uOYsYt2Fdg==",
      "requires": {
        "standardized-audio-context": "^25.1.8",
        "tslib": "^2.0.1"
      }
    },
    "tslib": {
      "version": "2.3.1",
      "resolved": "https://registry.npmjs.org/tslib/-/tslib-2.3.1.tgz",
      "integrity": "sha512-77EbyPPpMz+FRFRuAFlWMtmgUWGe9UOG2Z25NqCwiIjRhOf5iKGuzSe5P2w1laq+FkRy4p+PCuVkJSGkzTEKVw=="
    },
    "worker-factory": {
      "version": "6.0.55",
      "resolved": "https://registry.npmjs.org/worker-factory/-/worker-factory-6.0.55.tgz",
      "integrity": "sha512-RzI7OZV4OtTQOR8kv7v9f4trvDvfBUQ1aKC7sr8E7pX6OK2p5zY25vMlVHTZzI5zQvN5dyRuFN6AierhqOZCkg==",
      "requires": {
        "@babel/runtime": "^7.16.3",
        "compilerr": "^9.0.9",
        "fast-unique-numbers": "^6.0.9",
        "tslib": "^2.3.1"
      }
    }
  }
}
